<?xml version="1.0" encoding="utf-8"?>
<Project ToolsVersion="4.0" xmlns="http://schemas.microsoft.com/developer/msbuild/2003">
  <ItemGroup>
    <Natvis Include="..\..\zorro-dll\vs2017\ZorroDll.natvis" />
  </ItemGroup>
  <ItemGroup>
    <Filter Include="src">
      <UniqueIdentifier>{f796e6f6-88db-4c77-84d8-76ff9e352d80}</UniqueIdentifier>
    </Filter>
  </ItemGroup>
  <ItemGroup>
    <ClCompile Include="..\src\genotick.cpp">
      <Filter>src</Filter>
    </ClCompile>
    <ClCompile Include="..\src\zevents.cpp">
      <Filter>src</Filter>
    </ClCompile>
  </ItemGroup>
  <ItemGroup>
    <ClInclude Include="..\src\genotick.h">
      <Filter>src</Filter>
    </ClInclude>
    <ClInclude Include="..\src\zutils.h">
      <Filter>src</Filter>
    </ClInclude>
  </ItemGroup>
</Project>